
Microsoft Visual Studio Solution File, Format Version 12.00
Project("{FAE04EC0-301F-11D3-BF4B-00C04F79EFBC}") = "CheckPasword", "CheckPasword\CheckPasword.csproj", "{B645190D-7335-499C-B9FA-6F362071841B}"
EndProject
Global
	GlobalSection(SolutionConfigurationPlatforms) = preSolution
		Debug|Any CPU = Debug|Any CPU
		Release|Any CPU = Release|Any CPU
	EndGlobalSection
	GlobalSection(ProjectConfigurationPlatforms) = postSolution
		{B645190D-7335-499C-B9FA-6F362071841B}.Debug|Any CPU.ActiveCfg = Debug|Any CPU
		{B645190D-7335-499C-B9FA-6F362071841B}.Debug|Any CPU.Build.0 = Debug|Any CPU
		{B645190D-7335-499C-B9FA-6F362071841B}.Release|Any CPU.ActiveCfg = Release|Any CPU
		{B645190D-7335-499C-B9FA-6F362071841B}.Release|Any CPU.Build.0 = Release|Any CPU
	EndGlobalSection
EndGlobal
